// !$*UTF8*$!
{
	archiveVersion = 1;
	classes = {
	};
	objectVersion = 77;
	objects = {

/* Begin PBXBuildFile section */
		0CDFD2A8E9DA1D89800F1997 /* TripWidget.swift in Sources */ = {isa = PBXBuildFile; fileRef = 34E94E6C0D4D676D3564475E /* TripWidget.swift */; };
		0FEE969C5D0BD412379F25F0 /* TripRefresher.swift in Sources */ = {isa = PBXBuildFile; fileRef = 65FF34AD3DFB685695DA5A11 /* TripRefresher.swift */; };
		398E1E1EEE52B8E9D9E92201 /* JourneyActivity.swift in Sources */ = {isa = PBXBuildFile; fileRef = 9832906216F5B968172E082D /* JourneyActivity.swift */; };
		3E44A6D6705FACCD33ED599F /* JourneyAlerts.swift in Sources */ = {isa = PBXBuildFile; fileRef = E4FF97E501530B90DB3B28E4 /* JourneyAlerts.swift */; };
		3E7FA85F12F872523719F94F /* AppEnvironment.swift in Sources */ = {isa = PBXBuildFile; fileRef = AB36634C22E8455A22A8B006 /* AppEnvironment.swift */; };
		4E0660A233DCBC814466995B /* SearchView.swift in Sources */ = {isa = PBXBuildFile; fileRef = 1BCA4027EDBB9DAD89F5901C /* SearchView.swift */; };
		52A1BEC0370B9FEC4B441455 /* AppModel.swift in Sources */ = {isa = PBXBuildFile; fileRef = 708A18546C8605C14476B4B7 /* AppModel.swift */; };
		5630838E7ADD90002FC9299A /* LinesView.swift in Sources */ = {isa = PBXBuildFile; fileRef = 0DB935057AD58A185F944E60 /* LinesView.swift */; };
		58F35EACBC18687E15A6D3FB /* TransitViews.swift in Sources */ = {isa = PBXBuildFile; fileRef = D271BAB0A663471A7014A995 /* TransitViews.swift */; };
		61F4526EA94BBF8F6BD2B321 /* JourneyActivity.swift in Sources */ = {isa = PBXBuildFile; fileRef = 9832906216F5B968172E082D /* JourneyActivity.swift */; };
		6724B913A994A75F1070C534 /* PlannerView.swift in Sources */ = {isa = PBXBuildFile; fileRef = 2EFB8E7438272A1CB19AC280 /* PlannerView.swift */; };
		6B7BF53282F1D9F145512A58 /* DiagnosticsView.swift in Sources */ = {isa = PBXBuildFile; fileRef = D08ABD198527C8ED1558C6B4 /* DiagnosticsView.swift */; };
		6F1D3253839A4EA14F485CC1 /* BusioShortcuts.swift in Sources */ = {isa = PBXBuildFile; fileRef = 71DFA0FB490625534F6876FD /* BusioShortcuts.swift */; };
		72BB6A064CB752A609CFBBE6 /* BusioWidgetsBundle.swift in Sources */ = {isa = PBXBuildFile; fileRef = CF40391FC9FEDA10E0BBBB63 /* BusioWidgetsBundle.swift */; };
		8FAF12087D7D26FA28AF3AA4 /* PlannerModel.swift in Sources */ = {isa = PBXBuildFile; fileRef = C6D522115090623810DB59B7 /* PlannerModel.swift */; };
		90EB6277B658E5D816D28C67 /* TripIntents.swift in Sources */ = {isa = PBXBuildFile; fileRef = B8796CE95F3EB59DC904E659 /* TripIntents.swift */; };
		914B0606654AD839C8A8FED0 /* JourneyCard.swift in Sources */ = {isa = PBXBuildFile; fileRef = A347AD97DF7F273B6514893F /* JourneyCard.swift */; };
		929A17BD7923257A5F24217C /* Assets.xcassets in Resources */ = {isa = PBXBuildFile; fileRef = 38ED6537431DC975FDFD09D0 /* Assets.xcassets */; };
		95A165BE09FA42CFA2858E67 /* JourneyAlerts.swift in Sources */ = {isa = PBXBuildFile; fileRef = E4FF97E501530B90DB3B28E4 /* JourneyAlerts.swift */; };
		9736A48C455012CFF77E6979 /* LiveMapView.swift in Sources */ = {isa = PBXBuildFile; fileRef = 2AE606914A9A6C1218DF3420 /* LiveMapView.swift */; };
		97A13B7CBF3618C96C760194 /* BusioKit in Frameworks */ = {isa = PBXBuildFile; productRef = F49AA9DF1D6E22C0D5FC68D9 /* BusioKit */; };
		9FCB115339AF1C1D1E0E28F0 /* Seed in Resources */ = {isa = PBXBuildFile; fileRef = 7883C0FEDD8F7177C0C7E276 /* Seed */; };
		A42668EF54561A939D170C3F /* BusioKit in Frameworks */ = {isa = PBXBuildFile; productRef = 9D5D51C5B0D6D4ADE5C3DDB9 /* BusioKit */; };
		A43797EB84A6BFFDC89241D1 /* TripIntents.swift in Sources */ = {isa = PBXBuildFile; fileRef = B8796CE95F3EB59DC904E659 /* TripIntents.swift */; };
		A7FC0013331109AF810D0881 /* PreviewData.swift in Sources */ = {isa = PBXBuildFile; fileRef = 2C6513F4713E68D64D4B13F8 /* PreviewData.swift */; };
		B062F2499E6462E14C29366F /* OnboardingView.swift in Sources */ = {isa = PBXBuildFile; fileRef = 1F0D94534C32061331D2D137 /* OnboardingView.swift */; };
		B4A6CD8DAF685A9CA18D5A92 /* WidgetKit.framework in Frameworks */ = {isa = PBXBuildFile; fileRef = 67BFCCD0A1BEA5E9FB0B9420 /* WidgetKit.framework */; };
		B583CFF94802B106B7C7FDF7 /* WalkingTimeService.swift in Sources */ = {isa = PBXBuildFile; fileRef = E0AF9124F93DA649243AC9F7 /* WalkingTimeService.swift */; };
		B85EDA02ADC61AD3D1821329 /* LocationService.swift in Sources */ = {isa = PBXBuildFile; fileRef = 5BC02B3CFC22369E098E245E /* LocationService.swift */; };
		BDF85A85B97D4A89B4BA024D /* PreviewData.swift in Sources */ = {isa = PBXBuildFile; fileRef = 2C6513F4713E68D64D4B13F8 /* PreviewData.swift */; };
		C03BCD0FDC45F4F04B0EEB72 /* TripDetailView.swift in Sources */ = {isa = PBXBuildFile; fileRef = 0197A8A56A4D200950C1B1DE /* TripDetailView.swift */; };
		D5A39F3B135F3350F63975C2 /* BusioWidgets.appex in Embed Foundation Extensions */ = {isa = PBXBuildFile; fileRef = C230106ACF6206FAD73D13E3 /* BusioWidgets.appex */; settings = {ATTRIBUTES = (RemoveHeadersOnCopy, ); }; };
		D607CE351E84D5C64C2745B4 /* PlaceSearchService.swift in Sources */ = {isa = PBXBuildFile; fileRef = 8943BE75D99CE2EDC23EF156 /* PlaceSearchService.swift */; };
		DFC1E66C7E53C9B0425579B2 /* PlaceSearchView.swift in Sources */ = {isa = PBXBuildFile; fileRef = FAE95D69DC40797262B75391 /* PlaceSearchView.swift */; };
		E35F0621EB0C369C62DC2BC4 /* StopBoardView.swift in Sources */ = {isa = PBXBuildFile; fileRef = 0A19D473B8E6EABC396BE323 /* StopBoardView.swift */; };
		E3BC83EEDB6EC0BF6F9E0DE1 /* SwiftUI.framework in Frameworks */ = {isa = PBXBuildFile; fileRef = 7639E954AA6D1DCDC035BEF6 /* SwiftUI.framework */; };
		E42CC5218626F07B89FA43F4 /* JourneyLiveActivity.swift in Sources */ = {isa = PBXBuildFile; fileRef = F7404704D2B7D49627D15F80 /* JourneyLiveActivity.swift */; };
		E8D00D4528BEF7073FEA7872 /* BusioApp.swift in Sources */ = {isa = PBXBuildFile; fileRef = 2CC61C4D83FA702B15EC8246 /* BusioApp.swift */; };
		F0395E035ACBD2F730F2E01D /* TripRefresher.swift in Sources */ = {isa = PBXBuildFile; fileRef = 65FF34AD3DFB685695DA5A11 /* TripRefresher.swift */; };
		F0A74A4B415D360E68C0BA02 /* JourneyDetailView.swift in Sources */ = {isa = PBXBuildFile; fileRef = E1EAFF0A988B2BFEE4BD55F8 /* JourneyDetailView.swift */; };
		F2B2225640080FC6C37A8083 /* FavoriteTripEditor.swift in Sources */ = {isa = PBXBuildFile; fileRef = 9BB8B40C6BDB9C35F2114E33 /* FavoriteTripEditor.swift */; };
		F3452F68C06A744D0FBC9B47 /* SettingsView.swift in Sources */ = {isa = PBXBuildFile; fileRef = D1094130BE386948B1D43993 /* SettingsView.swift */; };
		F63337FBC34690EEC64581A2 /* AppEnvironment.swift in Sources */ = {isa = PBXBuildFile; fileRef = AB36634C22E8455A22A8B006 /* AppEnvironment.swift */; };
/* End PBXBuildFile section */

/* Begin PBXContainerItemProxy section */
		2EC18F9FE7BC2707B0835ADC /* PBXContainerItemProxy */ = {
			isa = PBXContainerItemProxy;
			containerPortal = 5C008D1F4EA2BAC71DAF0B6D /* Project object */;
			proxyType = 1;
			remoteGlobalIDString = 7915125E292071179F3BF44F;
			remoteInfo = BusioWidgets;
		};
/* End PBXContainerItemProxy section */

/* Begin PBXCopyFilesBuildPhase section */
		96BFA12D75B4B86F8A40D24B /* Embed Foundation Extensions */ = {
			isa = PBXCopyFilesBuildPhase;
			buildActionMask = 2147483647;
			dstPath = "";
			dstSubfolderSpec = 13;
			files = (
				D5A39F3B135F3350F63975C2 /* BusioWidgets.appex in Embed Foundation Extensions */,
			);
			name = "Embed Foundation Extensions";
			runOnlyForDeploymentPostprocessing = 0;
		};
/* End PBXCopyFilesBuildPhase section */

/* Begin PBXFileReference section */
		0197A8A56A4D200950C1B1DE /* TripDetailView.swift */ = {isa = PBXFileReference; lastKnownFileType = sourcecode.swift; path = TripDetailView.swift; sourceTree = "<group>"; };
		0A19D473B8E6EABC396BE323 /* StopBoardView.swift */ = {isa = PBXFileReference; lastKnownFileType = sourcecode.swift; path = StopBoardView.swift; sourceTree = "<group>"; };
		0DB935057AD58A185F944E60 /* LinesView.swift */ = {isa = PBXFileReference; lastKnownFileType = sourcecode.swift; path = LinesView.swift; sourceTree = "<group>"; };
		1BCA4027EDBB9DAD89F5901C /* SearchView.swift */ = {isa = PBXFileReference; lastKnownFileType = sourcecode.swift; path = SearchView.swift; sourceTree = "<group>"; };
		1F0D94534C32061331D2D137 /* OnboardingView.swift */ = {isa = PBXFileReference; lastKnownFileType = sourcecode.swift; path = OnboardingView.swift; sourceTree = "<group>"; };
		2AE606914A9A6C1218DF3420 /* LiveMapView.swift */ = {isa = PBXFileReference; lastKnownFileType = sourcecode.swift; path = LiveMapView.swift; sourceTree = "<group>"; };
		2C6513F4713E68D64D4B13F8 /* PreviewData.swift */ = {isa = PBXFileReference; lastKnownFileType = sourcecode.swift; path = PreviewData.swift; sourceTree = "<group>"; };
		2CC61C4D83FA702B15EC8246 /* BusioApp.swift */ = {isa = PBXFileReference; lastKnownFileType = sourcecode.swift; path = BusioApp.swift; sourceTree = "<group>"; };
		2EFB8E7438272A1CB19AC280 /* PlannerView.swift */ = {isa = PBXFileReference; lastKnownFileType = sourcecode.swift; path = PlannerView.swift; sourceTree = "<group>"; };
		34E94E6C0D4D676D3564475E /* TripWidget.swift */ = {isa = PBXFileReference; lastKnownFileType = sourcecode.swift; path = TripWidget.swift; sourceTree = "<group>"; };
		38ED6537431DC975FDFD09D0 /* Assets.xcassets */ = {isa = PBXFileReference; lastKnownFileType = folder.assetcatalog; path = Assets.xcassets; sourceTree = "<group>"; };
		5BC02B3CFC22369E098E245E /* LocationService.swift */ = {isa = PBXFileReference; lastKnownFileType = sourcecode.swift; path = LocationService.swift; sourceTree = "<group>"; };
		65FF34AD3DFB685695DA5A11 /* TripRefresher.swift */ = {isa = PBXFileReference; lastKnownFileType = sourcecode.swift; path = TripRefresher.swift; sourceTree = "<group>"; };
		67BFCCD0A1BEA5E9FB0B9420 /* WidgetKit.framework */ = {isa = PBXFileReference; lastKnownFileType = wrapper.framework; name = WidgetKit.framework; path = System/Library/Frameworks/WidgetKit.framework; sourceTree = SDKROOT; };
		708A18546C8605C14476B4B7 /* AppModel.swift */ = {isa = PBXFileReference; lastKnownFileType = sourcecode.swift; path = AppModel.swift; sourceTree = "<group>"; };
		71DFA0FB490625534F6876FD /* BusioShortcuts.swift */ = {isa = PBXFileReference; lastKnownFileType = sourcecode.swift; path = BusioShortcuts.swift; sourceTree = "<group>"; };
		7639E954AA6D1DCDC035BEF6 /* SwiftUI.framework */ = {isa = PBXFileReference; lastKnownFileType = wrapper.framework; name = SwiftUI.framework; path = System/Library/Frameworks/SwiftUI.framework; sourceTree = SDKROOT; };
		7819026C87B59EF207EB540C /* BusioKit */ = {isa = PBXFileReference; lastKnownFileType = folder; name = BusioKit; path = BusioKit; sourceTree = SOURCE_ROOT; };
		7883C0FEDD8F7177C0C7E276 /* Seed */ = {isa = PBXFileReference; lastKnownFileType = folder; name = Seed; path = Busio/Resources/Seed; sourceTree = SOURCE_ROOT; };
		8943BE75D99CE2EDC23EF156 /* PlaceSearchService.swift */ = {isa = PBXFileReference; lastKnownFileType = sourcecode.swift; path = PlaceSearchService.swift; sourceTree = "<group>"; };
		9832906216F5B968172E082D /* JourneyActivity.swift */ = {isa = PBXFileReference; lastKnownFileType = sourcecode.swift; path = JourneyActivity.swift; sourceTree = "<group>"; };
		9BB8B40C6BDB9C35F2114E33 /* FavoriteTripEditor.swift */ = {isa = PBXFileReference; lastKnownFileType = sourcecode.swift; path = FavoriteTripEditor.swift; sourceTree = "<group>"; };
		A044B1771A1287D85F2849C1 /* Busio.app */ = {isa = PBXFileReference; includeInIndex = 0; lastKnownFileType = wrapper.application; path = Busio.app; sourceTree = BUILT_PRODUCTS_DIR; };
		A347AD97DF7F273B6514893F /* JourneyCard.swift */ = {isa = PBXFileReference; lastKnownFileType = sourcecode.swift; path = JourneyCard.swift; sourceTree = "<group>"; };
		AAFF94BF55A8B4CE3D44B4E5 /* Base.xcconfig */ = {isa = PBXFileReference; lastKnownFileType = text.xcconfig; path = Base.xcconfig; sourceTree = "<group>"; };
		AB36634C22E8455A22A8B006 /* AppEnvironment.swift */ = {isa = PBXFileReference; lastKnownFileType = sourcecode.swift; path = AppEnvironment.swift; sourceTree = "<group>"; };
		B8796CE95F3EB59DC904E659 /* TripIntents.swift */ = {isa = PBXFileReference; lastKnownFileType = sourcecode.swift; path = TripIntents.swift; sourceTree = "<group>"; };
		C230106ACF6206FAD73D13E3 /* BusioWidgets.appex */ = {isa = PBXFileReference; includeInIndex = 0; lastKnownFileType = "wrapper.app-extension"; path = BusioWidgets.appex; sourceTree = BUILT_PRODUCTS_DIR; };
		C6D522115090623810DB59B7 /* PlannerModel.swift */ = {isa = PBXFileReference; lastKnownFileType = sourcecode.swift; path = PlannerModel.swift; sourceTree = "<group>"; };
		CF40391FC9FEDA10E0BBBB63 /* BusioWidgetsBundle.swift */ = {isa = PBXFileReference; lastKnownFileType = sourcecode.swift; path = BusioWidgetsBundle.swift; sourceTree = "<group>"; };
		D08ABD198527C8ED1558C6B4 /* DiagnosticsView.swift */ = {isa = PBXFileReference; lastKnownFileType = sourcecode.swift; path = DiagnosticsView.swift; sourceTree = "<group>"; };
		D1094130BE386948B1D43993 /* SettingsView.swift */ = {isa = PBXFileReference; lastKnownFileType = sourcecode.swift; path = SettingsView.swift; sourceTree = "<group>"; };
		D271BAB0A663471A7014A995 /* TransitViews.swift */ = {isa = PBXFileReference; lastKnownFileType = sourcecode.swift; path = TransitViews.swift; sourceTree = "<group>"; };
		E0AF9124F93DA649243AC9F7 /* WalkingTimeService.swift */ = {isa = PBXFileReference; lastKnownFileType = sourcecode.swift; path = WalkingTimeService.swift; sourceTree = "<group>"; };
		E1EAFF0A988B2BFEE4BD55F8 /* JourneyDetailView.swift */ = {isa = PBXFileReference; lastKnownFileType = sourcecode.swift; path = JourneyDetailView.swift; sourceTree = "<group>"; };
		E4FF97E501530B90DB3B28E4 /* JourneyAlerts.swift */ = {isa = PBXFileReference; lastKnownFileType = sourcecode.swift; path = JourneyAlerts.swift; sourceTree = "<group>"; };
		F7404704D2B7D49627D15F80 /* JourneyLiveActivity.swift */ = {isa = PBXFileReference; lastKnownFileType = sourcecode.swift; path = JourneyLiveActivity.swift; sourceTree = "<group>"; };
		FAE95D69DC40797262B75391 /* PlaceSearchView.swift */ = {isa = PBXFileReference; lastKnownFileType = sourcecode.swift; path = PlaceSearchView.swift; sourceTree = "<group>"; };
/* End PBXFileReference section */

/* Begin PBXFrameworksBuildPhase section */
		47A2889CCE1C8610A941422E /* Frameworks */ = {
			isa = PBXFrameworksBuildPhase;
			buildActionMask = 2147483647;
			files = (
				97A13B7CBF3618C96C760194 /* BusioKit in Frameworks */,
			);
			runOnlyForDeploymentPostprocessing = 0;
		};
		83BC6AB8AE8B87ED33E9BDB2 /* Frameworks */ = {
			isa = PBXFrameworksBuildPhase;
			buildActionMask = 2147483647;
			files = (
				A42668EF54561A939D170C3F /* BusioKit in Frameworks */,
				B4A6CD8DAF685A9CA18D5A92 /* WidgetKit.framework in Frameworks */,
				E3BC83EEDB6EC0BF6F9E0DE1 /* SwiftUI.framework in Frameworks */,
			);
			runOnlyForDeploymentPostprocessing = 0;
		};
/* End PBXFrameworksBuildPhase section */

/* Begin PBXGroup section */
		02DA5877182B95256EDB1EAB /* Map */ = {
			isa = PBXGroup;
			children = (
				2AE606914A9A6C1218DF3420 /* LiveMapView.swift */,
			);
			path = Map;
			sourceTree = "<group>";
		};
		0506378608310116BCC63620 /* Config */ = {
			isa = PBXGroup;
			children = (
				AAFF94BF55A8B4CE3D44B4E5 /* Base.xcconfig */,
			);
			path = Config;
			sourceTree = "<group>";
		};
		0D20986027ED6BA0FA8196C3 /* Settings */ = {
			isa = PBXGroup;
			children = (
				D08ABD198527C8ED1558C6B4 /* DiagnosticsView.swift */,
				D1094130BE386948B1D43993 /* SettingsView.swift */,
			);
			path = Settings;
			sourceTree = "<group>";
		};
		161497CF63E807F146E8062C /* Features */ = {
			isa = PBXGroup;
			children = (
				4B9D7EEB9C7EDC84D83C0CC0 /* Lines */,
				02DA5877182B95256EDB1EAB /* Map */,
				78E377208B9CCA84391D2DFC /* Onboarding */,
				36A0F2F6ED88015D022CD071 /* Planner */,
				E09E16CDFDF25EF01E2F89CF /* Search */,
				0D20986027ED6BA0FA8196C3 /* Settings */,
				6A273FBE3F7A9773CA2DE7D7 /* Stops */,
			);
			path = Features;
			sourceTree = "<group>";
		};
		194033C6DA56174BA5937541 /* Components */ = {
			isa = PBXGroup;
			children = (
				D271BAB0A663471A7014A995 /* TransitViews.swift */,
			);
			path = Components;
			sourceTree = "<group>";
		};
		36A0F2F6ED88015D022CD071 /* Planner */ = {
			isa = PBXGroup;
			children = (
				9BB8B40C6BDB9C35F2114E33 /* FavoriteTripEditor.swift */,
				A347AD97DF7F273B6514893F /* JourneyCard.swift */,
				E1EAFF0A988B2BFEE4BD55F8 /* JourneyDetailView.swift */,
				FAE95D69DC40797262B75391 /* PlaceSearchView.swift */,
				C6D522115090623810DB59B7 /* PlannerModel.swift */,
				2EFB8E7438272A1CB19AC280 /* PlannerView.swift */,
			);
			path = Planner;
			sourceTree = "<group>";
		};
		4B9D7EEB9C7EDC84D83C0CC0 /* Lines */ = {
			isa = PBXGroup;
			children = (
				0DB935057AD58A185F944E60 /* LinesView.swift */,
			);
			path = Lines;
			sourceTree = "<group>";
		};
		4D8713FE643F39CAD0566808 /* BusioWidgets */ = {
			isa = PBXGroup;
			children = (
				CF40391FC9FEDA10E0BBBB63 /* BusioWidgetsBundle.swift */,
				F7404704D2B7D49627D15F80 /* JourneyLiveActivity.swift */,
				34E94E6C0D4D676D3564475E /* TripWidget.swift */,
			);
			path = BusioWidgets;
			sourceTree = "<group>";
		};
		6A273FBE3F7A9773CA2DE7D7 /* Stops */ = {
			isa = PBXGroup;
			children = (
				0A19D473B8E6EABC396BE323 /* StopBoardView.swift */,
				0197A8A56A4D200950C1B1DE /* TripDetailView.swift */,
			);
			path = Stops;
			sourceTree = "<group>";
		};
		6BFE6FE12F1BB61AAE5F8827 /* Intents */ = {
			isa = PBXGroup;
			children = (
				B8796CE95F3EB59DC904E659 /* TripIntents.swift */,
			);
			path = Intents;
			sourceTree = "<group>";
		};
		720CB791B8212DAFC299CE67 /* Busio */ = {
			isa = PBXGroup;
			children = (
				EDAC2472C807106991FB3470 /* App */,
				194033C6DA56174BA5937541 /* Components */,
				161497CF63E807F146E8062C /* Features */,
				F5BD184F669F7D9800B34DF3 /* Resources */,
				DB142BF9E8736EFD73B61867 /* Services */,
			);
			path = Busio;
			sourceTree = "<group>";
		};
		78E377208B9CCA84391D2DFC /* Onboarding */ = {
			isa = PBXGroup;
			children = (
				1F0D94534C32061331D2D137 /* OnboardingView.swift */,
			);
			path = Onboarding;
			sourceTree = "<group>";
		};
		7A8161FDDA7D9E55D74A9675 /* Frameworks */ = {
			isa = PBXGroup;
			children = (
				7639E954AA6D1DCDC035BEF6 /* SwiftUI.framework */,
				67BFCCD0A1BEA5E9FB0B9420 /* WidgetKit.framework */,
			);
			name = Frameworks;
			sourceTree = "<group>";
		};
		B7030C0041B22C97B5F804F3 /* Packages */ = {
			isa = PBXGroup;
			children = (
				7819026C87B59EF207EB540C /* BusioKit */,
			);
			name = Packages;
			sourceTree = "<group>";
		};
		DB142BF9E8736EFD73B61867 /* Services */ = {
			isa = PBXGroup;
			children = (
				5BC02B3CFC22369E098E245E /* LocationService.swift */,
				8943BE75D99CE2EDC23EF156 /* PlaceSearchService.swift */,
				E0AF9124F93DA649243AC9F7 /* WalkingTimeService.swift */,
			);
			path = Services;
			sourceTree = "<group>";
		};
		E09E16CDFDF25EF01E2F89CF /* Search */ = {
			isa = PBXGroup;
			children = (
				1BCA4027EDBB9DAD89F5901C /* SearchView.swift */,
			);
			path = Search;
			sourceTree = "<group>";
		};
		E4136CE89A75947DC82EAC25 = {
			isa = PBXGroup;
			children = (
				720CB791B8212DAFC299CE67 /* Busio */,
				4D8713FE643F39CAD0566808 /* BusioWidgets */,
				0506378608310116BCC63620 /* Config */,
				B7030C0041B22C97B5F804F3 /* Packages */,
				FC4AE52E0234000D85B7FCE1 /* Shared */,
				7A8161FDDA7D9E55D74A9675 /* Frameworks */,
				FBCD769CF0A09B8574E81B2B /* Products */,
			);
			sourceTree = "<group>";
		};
		EDAC2472C807106991FB3470 /* App */ = {
			isa = PBXGroup;
			children = (
				708A18546C8605C14476B4B7 /* AppModel.swift */,
				2CC61C4D83FA702B15EC8246 /* BusioApp.swift */,
				71DFA0FB490625534F6876FD /* BusioShortcuts.swift */,
			);
			path = App;
			sourceTree = "<group>";
		};
		F5BD184F669F7D9800B34DF3 /* Resources */ = {
			isa = PBXGroup;
			children = (
				38ED6537431DC975FDFD09D0 /* Assets.xcassets */,
				7883C0FEDD8F7177C0C7E276 /* Seed */,
			);
			path = Resources;
			sourceTree = "<group>";
		};
		FBCD769CF0A09B8574E81B2B /* Products */ = {
			isa = PBXGroup;
			children = (
				A044B1771A1287D85F2849C1 /* Busio.app */,
				C230106ACF6206FAD73D13E3 /* BusioWidgets.appex */,
			);
			name = Products;
			sourceTree = "<group>";
		};
		FC4AE52E0234000D85B7FCE1 /* Shared */ = {
			isa = PBXGroup;
			children = (
				6BFE6FE12F1BB61AAE5F8827 /* Intents */,
				AB36634C22E8455A22A8B006 /* AppEnvironment.swift */,
				9832906216F5B968172E082D /* JourneyActivity.swift */,
				E4FF97E501530B90DB3B28E4 /* JourneyAlerts.swift */,
				2C6513F4713E68D64D4B13F8 /* PreviewData.swift */,
				65FF34AD3DFB685695DA5A11 /* TripRefresher.swift */,
			);
			path = Shared;
			sourceTree = "<group>";
		};
/* End PBXGroup section */

/* Begin PBXNativeTarget section */
		4D72FC2905FEDADFC84F2541 /* Busio */ = {
			isa = PBXNativeTarget;
			buildConfigurationList = F28E9575A6A064612E8ADD98 /* Build configuration list for PBXNativeTarget "Busio" */;
			buildPhases = (
				A9F1DCC78EFA3F66B73EAA27 /* Sources */,
				9CC603CE2D74A030C01F5E2F /* Resources */,
				47A2889CCE1C8610A941422E /* Frameworks */,
				96BFA12D75B4B86F8A40D24B /* Embed Foundation Extensions */,
			);
			buildRules = (
			);
			dependencies = (
				D569C549D1432B8B49DA4F52 /* PBXTargetDependency */,
			);
			name = Busio;
			packageProductDependencies = (
				F49AA9DF1D6E22C0D5FC68D9 /* BusioKit */,
			);
			productName = Busio;
			productReference = A044B1771A1287D85F2849C1 /* Busio.app */;
			productType = "com.apple.product-type.application";
		};
		7915125E292071179F3BF44F /* BusioWidgets */ = {
			isa = PBXNativeTarget;
			buildConfigurationList = D8F8CCCB46E7D41BC090B8EE /* Build configuration list for PBXNativeTarget "BusioWidgets" */;
			buildPhases = (
				E9541AAE3DDD23934D7BEFD1 /* Sources */,
				83BC6AB8AE8B87ED33E9BDB2 /* Frameworks */,
			);
			buildRules = (
			);
			dependencies = (
			);
			name = BusioWidgets;
			packageProductDependencies = (
				9D5D51C5B0D6D4ADE5C3DDB9 /* BusioKit */,
			);
			productName = BusioWidgets;
			productReference = C230106ACF6206FAD73D13E3 /* BusioWidgets.appex */;
			productType = "com.apple.product-type.app-extension";
		};
/* End PBXNativeTarget section */

/* Begin PBXProject section */
		5C008D1F4EA2BAC71DAF0B6D /* Project object */ = {
			isa = PBXProject;
			attributes = {
				BuildIndependentTargetsInParallel = YES;
				LastUpgradeCheck = 1430;
				TargetAttributes = {
					4D72FC2905FEDADFC84F2541 = {
						DevelopmentTeam = "";
						ProvisioningStyle = Automatic;
					};
					7915125E292071179F3BF44F = {
						DevelopmentTeam = "";
						ProvisioningStyle = Automatic;
					};
				};
			};
			buildConfigurationList = 1763D9D7C159F333F700711F /* Build configuration list for PBXProject "Busio" */;
			developmentRegion = fr;
			hasScannedForEncodings = 0;
			knownRegions = (
				Base,
				fr,
			);
			mainGroup = E4136CE89A75947DC82EAC25;
			minimizedProjectReferenceProxies = 1;
			packageReferences = (
				3611ED607D355B5EE3FD7A2A /* XCLocalSwiftPackageReference "BusioKit" */,
			);
			preferredProjectObjectVersion = 77;
			productRefGroup = FBCD769CF0A09B8574E81B2B /* Products */;
			projectDirPath = "";
			projectRoot = "";
			targets = (
				4D72FC2905FEDADFC84F2541 /* Busio */,
				7915125E292071179F3BF44F /* BusioWidgets */,
			);
		};
/* End PBXProject section */

/* Begin PBXResourcesBuildPhase section */
		9CC603CE2D74A030C01F5E2F /* Resources */ = {
			isa = PBXResourcesBuildPhase;
			buildActionMask = 2147483647;
			files = (
				929A17BD7923257A5F24217C /* Assets.xcassets in Resources */,
				9FCB115339AF1C1D1E0E28F0 /* Seed in Resources */,
			);
			runOnlyForDeploymentPostprocessing = 0;
		};
/* End PBXResourcesBuildPhase section */

/* Begin PBXSourcesBuildPhase section */
		A9F1DCC78EFA3F66B73EAA27 /* Sources */ = {
			isa = PBXSourcesBuildPhase;
			buildActionMask = 2147483647;
			files = (
				3E7FA85F12F872523719F94F /* AppEnvironment.swift in Sources */,
				52A1BEC0370B9FEC4B441455 /* AppModel.swift in Sources */,
				E8D00D4528BEF7073FEA7872 /* BusioApp.swift in Sources */,
				6F1D3253839A4EA14F485CC1 /* BusioShortcuts.swift in Sources */,
				6B7BF53282F1D9F145512A58 /* DiagnosticsView.swift in Sources */,
				F2B2225640080FC6C37A8083 /* FavoriteTripEditor.swift in Sources */,
				398E1E1EEE52B8E9D9E92201 /* JourneyActivity.swift in Sources */,
				95A165BE09FA42CFA2858E67 /* JourneyAlerts.swift in Sources */,
				914B0606654AD839C8A8FED0 /* JourneyCard.swift in Sources */,
				F0A74A4B415D360E68C0BA02 /* JourneyDetailView.swift in Sources */,
				5630838E7ADD90002FC9299A /* LinesView.swift in Sources */,
				9736A48C455012CFF77E6979 /* LiveMapView.swift in Sources */,
				B85EDA02ADC61AD3D1821329 /* LocationService.swift in Sources */,
				B062F2499E6462E14C29366F /* OnboardingView.swift in Sources */,
				D607CE351E84D5C64C2745B4 /* PlaceSearchService.swift in Sources */,
				DFC1E66C7E53C9B0425579B2 /* PlaceSearchView.swift in Sources */,
				8FAF12087D7D26FA28AF3AA4 /* PlannerModel.swift in Sources */,
				6724B913A994A75F1070C534 /* PlannerView.swift in Sources */,
				A7FC0013331109AF810D0881 /* PreviewData.swift in Sources */,
				4E0660A233DCBC814466995B /* SearchView.swift in Sources */,
				F3452F68C06A744D0FBC9B47 /* SettingsView.swift in Sources */,
				E35F0621EB0C369C62DC2BC4 /* StopBoardView.swift in Sources */,
				58F35EACBC18687E15A6D3FB /* TransitViews.swift in Sources */,
				C03BCD0FDC45F4F04B0EEB72 /* TripDetailView.swift in Sources */,
				A43797EB84A6BFFDC89241D1 /* TripIntents.swift in Sources */,
				F0395E035ACBD2F730F2E01D /* TripRefresher.swift in Sources */,
				B583CFF94802B106B7C7FDF7 /* WalkingTimeService.swift in Sources */,
			);
			runOnlyForDeploymentPostprocessing = 0;
		};
		E9541AAE3DDD23934D7BEFD1 /* Sources */ = {
			isa = PBXSourcesBuildPhase;
			buildActionMask = 2147483647;
			files = (
				F63337FBC34690EEC64581A2 /* AppEnvironment.swift in Sources */,
				72BB6A064CB752A609CFBBE6 /* BusioWidgetsBundle.swift in Sources */,
				61F4526EA94BBF8F6BD2B321 /* JourneyActivity.swift in Sources */,
				3E44A6D6705FACCD33ED599F /* JourneyAlerts.swift in Sources */,
				E42CC5218626F07B89FA43F4 /* JourneyLiveActivity.swift in Sources */,
				BDF85A85B97D4A89B4BA024D /* PreviewData.swift in Sources */,
				90EB6277B658E5D816D28C67 /* TripIntents.swift in Sources */,
				0FEE969C5D0BD412379F25F0 /* TripRefresher.swift in Sources */,
				0CDFD2A8E9DA1D89800F1997 /* TripWidget.swift in Sources */,
			);
			runOnlyForDeploymentPostprocessing = 0;
		};
/* End PBXSourcesBuildPhase section */

/* Begin PBXTargetDependency section */
		D569C549D1432B8B49DA4F52 /* PBXTargetDependency */ = {
			isa = PBXTargetDependency;
			target = 7915125E292071179F3BF44F /* BusioWidgets */;
			targetProxy = 2EC18F9FE7BC2707B0835ADC /* PBXContainerItemProxy */;
		};
/* End PBXTargetDependency section */

/* Begin XCBuildConfiguration section */
		0D9DD1BD088A9066DE6897CD /* Release */ = {
			isa = XCBuildConfiguration;
			buildSettings = {
				CODE_SIGN_ENTITLEMENTS = BusioWidgets/BusioWidgets.entitlements;
				GENERATE_INFOPLIST_FILE = YES;
				INFOPLIST_FILE = BusioWidgets/Info.plist;
				INFOPLIST_KEY_CFBundleDisplayName = Busio;
				LD_RUNPATH_SEARCH_PATHS = (
					"$(inherited)",
					"@executable_path/Frameworks",
					"@executable_path/../../Frameworks",
				);
				PRODUCT_BUNDLE_IDENTIFIER = "$(BUSIO_BUNDLE_ID).widgets";
				PRODUCT_NAME = BusioWidgets;
				SDKROOT = iphoneos;
				SKIP_INSTALL = YES;
				TARGETED_DEVICE_FAMILY = "1,2";
			};
			name = Release;
		};
		2D17CD4FAC9D7BAB77CB1061 /* Debug */ = {
			isa = XCBuildConfiguration;
			buildSettings = {
				CODE_SIGN_ENTITLEMENTS = BusioWidgets/BusioWidgets.entitlements;
				GENERATE_INFOPLIST_FILE = YES;
				INFOPLIST_FILE = BusioWidgets/Info.plist;
				INFOPLIST_KEY_CFBundleDisplayName = Busio;
				LD_RUNPATH_SEARCH_PATHS = (
					"$(inherited)",
					"@executable_path/Frameworks",
					"@executable_path/../../Frameworks",
				);
				PRODUCT_BUNDLE_IDENTIFIER = "$(BUSIO_BUNDLE_ID).widgets";
				PRODUCT_NAME = BusioWidgets;
				SDKROOT = iphoneos;
				SKIP_INSTALL = YES;
				TARGETED_DEVICE_FAMILY = "1,2";
			};
			name = Debug;
		};
		3EF7230EE29F6FF35163557A /* Debug */ = {
			isa = XCBuildConfiguration;
			baseConfigurationReference = AAFF94BF55A8B4CE3D44B4E5 /* Base.xcconfig */;
			buildSettings = {
				ALWAYS_SEARCH_USER_PATHS = NO;
				CLANG_ANALYZER_NONNULL = YES;
				CLANG_ANALYZER_NUMBER_OBJECT_CONVERSION = YES_AGGRESSIVE;
				CLANG_CXX_LANGUAGE_STANDARD = "gnu++14";
				CLANG_CXX_LIBRARY = "libc++";
				CLANG_ENABLE_MODULES = YES;
				CLANG_ENABLE_OBJC_ARC = YES;
				CLANG_ENABLE_OBJC_WEAK = YES;
				CLANG_WARN_BLOCK_CAPTURE_AUTORELEASING = YES;
				CLANG_WARN_BOOL_CONVERSION = YES;
				CLANG_WARN_COMMA = YES;
				CLANG_WARN_CONSTANT_CONVERSION = YES;
				CLANG_WARN_DEPRECATED_OBJC_IMPLEMENTATIONS = YES;
				CLANG_WARN_DIRECT_OBJC_ISA_USAGE = YES_ERROR;
				CLANG_WARN_DOCUMENTATION_COMMENTS = YES;
				CLANG_WARN_EMPTY_BODY = YES;
				CLANG_WARN_ENUM_CONVERSION = YES;
				CLANG_WARN_INFINITE_RECURSION = YES;
				CLANG_WARN_INT_CONVERSION = YES;
				CLANG_WARN_NON_LITERAL_NULL_CONVERSION = YES;
				CLANG_WARN_OBJC_IMPLICIT_RETAIN_SELF = YES;
				CLANG_WARN_OBJC_LITERAL_CONVERSION = YES;
				CLANG_WARN_OBJC_ROOT_CLASS = YES_ERROR;
				CLANG_WARN_QUOTED_INCLUDE_IN_FRAMEWORK_HEADER = YES;
				CLANG_WARN_RANGE_LOOP_ANALYSIS = YES;
				CLANG_WARN_STRICT_PROTOTYPES = YES;
				CLANG_WARN_SUSPICIOUS_MOVE = YES;
				CLANG_WARN_UNGUARDED_AVAILABILITY = YES_AGGRESSIVE;
				CLANG_WARN_UNREACHABLE_CODE = YES;
				CLANG_WARN__DUPLICATE_METHOD_MATCH = YES;
				CODE_SIGN_STYLE = Automatic;
				COPY_PHASE_STRIP = NO;
				CURRENT_PROJECT_VERSION = 1;
				DEAD_CODE_STRIPPING = YES;
				DEBUG_INFORMATION_FORMAT = dwarf;
				ENABLE_STRICT_OBJC_MSGSEND = YES;
				ENABLE_TESTABILITY = YES;
				ENABLE_USER_SCRIPT_SANDBOXING = YES;
				GCC_C_LANGUAGE_STANDARD = gnu11;
				GCC_DYNAMIC_NO_PIC = NO;
				GCC_NO_COMMON_BLOCKS = YES;
				GCC_OPTIMIZATION_LEVEL = 0;
				GCC_PREPROCESSOR_DEFINITIONS = (
					"$(inherited)",
					"DEBUG=1",
				);
				GCC_WARN_64_TO_32_BIT_CONVERSION = YES;
				GCC_WARN_ABOUT_RETURN_TYPE = YES_ERROR;
				GCC_WARN_UNDECLARED_SELECTOR = YES;
				GCC_WARN_UNINITIALIZED_AUTOS = YES_AGGRESSIVE;
				GCC_WARN_UNUSED_FUNCTION = YES;
				GCC_WARN_UNUSED_VARIABLE = YES;
				IPHONEOS_DEPLOYMENT_TARGET = 26.0;
				LOCALIZATION_PREFERS_STRING_CATALOGS = YES;
				MARKETING_VERSION = 1.0.0;
				MTL_ENABLE_DEBUG_INFO = INCLUDE_SOURCE;
				MTL_FAST_MATH = YES;
				ONLY_ACTIVE_ARCH = YES;
				PRODUCT_NAME = "$(TARGET_NAME)";
				SDKROOT = iphoneos;
				SWIFT_ACTIVE_COMPILATION_CONDITIONS = DEBUG;
				SWIFT_EMIT_LOC_STRINGS = YES;
				SWIFT_OPTIMIZATION_LEVEL = "-Onone";
				SWIFT_VERSION = 6.0;
				TARGETED_DEVICE_FAMILY = 1;
			};
			name = Debug;
		};
		785D847E06A1BFE68C77E1E9 /* Release */ = {
			isa = XCBuildConfiguration;
			baseConfigurationReference = AAFF94BF55A8B4CE3D44B4E5 /* Base.xcconfig */;
			buildSettings = {
				ALWAYS_SEARCH_USER_PATHS = NO;
				CLANG_ANALYZER_NONNULL = YES;
				CLANG_ANALYZER_NUMBER_OBJECT_CONVERSION = YES_AGGRESSIVE;
				CLANG_CXX_LANGUAGE_STANDARD = "gnu++14";
				CLANG_CXX_LIBRARY = "libc++";
				CLANG_ENABLE_MODULES = YES;
				CLANG_ENABLE_OBJC_ARC = YES;
				CLANG_ENABLE_OBJC_WEAK = YES;
				CLANG_WARN_BLOCK_CAPTURE_AUTORELEASING = YES;
				CLANG_WARN_BOOL_CONVERSION = YES;
				CLANG_WARN_COMMA = YES;
				CLANG_WARN_CONSTANT_CONVERSION = YES;
				CLANG_WARN_DEPRECATED_OBJC_IMPLEMENTATIONS = YES;
				CLANG_WARN_DIRECT_OBJC_ISA_USAGE = YES_ERROR;
				CLANG_WARN_DOCUMENTATION_COMMENTS = YES;
				CLANG_WARN_EMPTY_BODY = YES;
				CLANG_WARN_ENUM_CONVERSION = YES;
				CLANG_WARN_INFINITE_RECURSION = YES;
				CLANG_WARN_INT_CONVERSION = YES;
				CLANG_WARN_NON_LITERAL_NULL_CONVERSION = YES;
				CLANG_WARN_OBJC_IMPLICIT_RETAIN_SELF = YES;
				CLANG_WARN_OBJC_LITERAL_CONVERSION = YES;
				CLANG_WARN_OBJC_ROOT_CLASS = YES_ERROR;
				CLANG_WARN_QUOTED_INCLUDE_IN_FRAMEWORK_HEADER = YES;
				CLANG_WARN_RANGE_LOOP_ANALYSIS = YES;
				CLANG_WARN_STRICT_PROTOTYPES = YES;
				CLANG_WARN_SUSPICIOUS_MOVE = YES;
				CLANG_WARN_UNGUARDED_AVAILABILITY = YES_AGGRESSIVE;
				CLANG_WARN_UNREACHABLE_CODE = YES;
				CLANG_WARN__DUPLICATE_METHOD_MATCH = YES;
				CODE_SIGN_STYLE = Automatic;
				COPY_PHASE_STRIP = NO;
				CURRENT_PROJECT_VERSION = 1;
				DEAD_CODE_STRIPPING = YES;
				DEBUG_INFORMATION_FORMAT = "dwarf-with-dsym";
				ENABLE_NS_ASSERTIONS = NO;
				ENABLE_STRICT_OBJC_MSGSEND = YES;
				ENABLE_USER_SCRIPT_SANDBOXING = YES;
				GCC_C_LANGUAGE_STANDARD = gnu11;
				GCC_NO_COMMON_BLOCKS = YES;
				GCC_WARN_64_TO_32_BIT_CONVERSION = YES;
				GCC_WARN_ABOUT_RETURN_TYPE = YES_ERROR;
				GCC_WARN_UNDECLARED_SELECTOR = YES;
				GCC_WARN_UNINITIALIZED_AUTOS = YES_AGGRESSIVE;
				GCC_WARN_UNUSED_FUNCTION = YES;
				GCC_WARN_UNUSED_VARIABLE = YES;
				IPHONEOS_DEPLOYMENT_TARGET = 26.0;
				LOCALIZATION_PREFERS_STRING_CATALOGS = YES;
				MARKETING_VERSION = 1.0.0;
				MTL_ENABLE_DEBUG_INFO = NO;
				MTL_FAST_MATH = YES;
				PRODUCT_NAME = "$(TARGET_NAME)";
				SDKROOT = iphoneos;
				SWIFT_COMPILATION_MODE = wholemodule;
				SWIFT_EMIT_LOC_STRINGS = YES;
				SWIFT_OPTIMIZATION_LEVEL = "-O";
				SWIFT_VERSION = 6.0;
				TARGETED_DEVICE_FAMILY = 1;
			};
			name = Release;
		};
		8C06CAC614113B9A14405507 /* Release */ = {
			isa = XCBuildConfiguration;
			buildSettings = {
				ASSETCATALOG_COMPILER_APPICON_NAME = AppIcon;
				ASSETCATALOG_COMPILER_GLOBAL_ACCENT_COLOR_NAME = AccentColor;
				CODE_SIGN_ENTITLEMENTS = Busio/Busio.entitlements;
				CODE_SIGN_IDENTITY = "iPhone Developer";
				GENERATE_INFOPLIST_FILE = YES;
				INFOPLIST_FILE = Busio/Info.plist;
				INFOPLIST_KEY_CFBundleDisplayName = Busio;
				INFOPLIST_KEY_ITSAppUsesNonExemptEncryption = NO;
				INFOPLIST_KEY_LSApplicationCategoryType = "public.app-category.navigation";
				INFOPLIST_KEY_NSLocationWhenInUseUsageDescription = "Busio utilise ta position pour trouver les arrêts proches et calculer le temps de marche jusqu'à ton bus.";
				INFOPLIST_KEY_UIApplicationSceneManifest_Generation = YES;
				INFOPLIST_KEY_UILaunchScreen_Generation = YES;
				INFOPLIST_KEY_UISupportedInterfaceOrientations = UIInterfaceOrientationPortrait;
				LD_RUNPATH_SEARCH_PATHS = (
					"$(inherited)",
					"@executable_path/Frameworks",
				);
				PRODUCT_BUNDLE_IDENTIFIER = "$(BUSIO_BUNDLE_ID)";
				PRODUCT_NAME = Busio;
				SDKROOT = iphoneos;
				TARGETED_DEVICE_FAMILY = "1,2";
			};
			name = Release;
		};
		9904387BF2F9939000368538 /* Debug */ = {
			isa = XCBuildConfiguration;
			buildSettings = {
				ASSETCATALOG_COMPILER_APPICON_NAME = AppIcon;
				ASSETCATALOG_COMPILER_GLOBAL_ACCENT_COLOR_NAME = AccentColor;
				CODE_SIGN_ENTITLEMENTS = Busio/Busio.entitlements;
				CODE_SIGN_IDENTITY = "iPhone Developer";
				GENERATE_INFOPLIST_FILE = YES;
				INFOPLIST_FILE = Busio/Info.plist;
				INFOPLIST_KEY_CFBundleDisplayName = Busio;
				INFOPLIST_KEY_ITSAppUsesNonExemptEncryption = NO;
				INFOPLIST_KEY_LSApplicationCategoryType = "public.app-category.navigation";
				INFOPLIST_KEY_NSLocationWhenInUseUsageDescription = "Busio utilise ta position pour trouver les arrêts proches et calculer le temps de marche jusqu'à ton bus.";
				INFOPLIST_KEY_UIApplicationSceneManifest_Generation = YES;
				INFOPLIST_KEY_UILaunchScreen_Generation = YES;
				INFOPLIST_KEY_UISupportedInterfaceOrientations = UIInterfaceOrientationPortrait;
				LD_RUNPATH_SEARCH_PATHS = (
					"$(inherited)",
					"@executable_path/Frameworks",
				);
				PRODUCT_BUNDLE_IDENTIFIER = "$(BUSIO_BUNDLE_ID)";
				PRODUCT_NAME = Busio;
				SDKROOT = iphoneos;
				TARGETED_DEVICE_FAMILY = "1,2";
			};
			name = Debug;
		};
/* End XCBuildConfiguration section */

/* Begin XCConfigurationList section */
		1763D9D7C159F333F700711F /* Build configuration list for PBXProject "Busio" */ = {
			isa = XCConfigurationList;
			buildConfigurations = (
				3EF7230EE29F6FF35163557A /* Debug */,
				785D847E06A1BFE68C77E1E9 /* Release */,
			);
			defaultConfigurationIsVisible = 0;
			defaultConfigurationName = Debug;
		};
		D8F8CCCB46E7D41BC090B8EE /* Build configuration list for PBXNativeTarget "BusioWidgets" */ = {
			isa = XCConfigurationList;
			buildConfigurations = (
				2D17CD4FAC9D7BAB77CB1061 /* Debug */,
				0D9DD1BD088A9066DE6897CD /* Release */,
			);
			defaultConfigurationIsVisible = 0;
			defaultConfigurationName = Debug;
		};
		F28E9575A6A064612E8ADD98 /* Build configuration list for PBXNativeTarget "Busio" */ = {
			isa = XCConfigurationList;
			buildConfigurations = (
				9904387BF2F9939000368538 /* Debug */,
				8C06CAC614113B9A14405507 /* Release */,
			);
			defaultConfigurationIsVisible = 0;
			defaultConfigurationName = Debug;
		};
/* End XCConfigurationList section */

/* Begin XCLocalSwiftPackageReference section */
		3611ED607D355B5EE3FD7A2A /* XCLocalSwiftPackageReference "BusioKit" */ = {
			isa = XCLocalSwiftPackageReference;
			relativePath = BusioKit;
		};
/* End XCLocalSwiftPackageReference section */

/* Begin XCSwiftPackageProductDependency section */
		9D5D51C5B0D6D4ADE5C3DDB9 /* BusioKit */ = {
			isa = XCSwiftPackageProductDependency;
			productName = BusioKit;
		};
		F49AA9DF1D6E22C0D5FC68D9 /* BusioKit */ = {
			isa = XCSwiftPackageProductDependency;
			productName = BusioKit;
		};
/* End XCSwiftPackageProductDependency section */
	};
	rootObject = 5C008D1F4EA2BAC71DAF0B6D /* Project object */;
}
